
Microsoft Visual Studio Solution File, Format Version 12.00
# Visual Studio Version 16
VisualStudioVersion = 16.0.31829.152
MinimumVisualStudioVersion = 10.0.40219.1
Project("{FAE04EC0-301F-11D3-BF4B-00C04F79EFBC}") = "StudentAvaloniaUI", "StudentAvaloniaUI\StudentAvaloniaUI.csproj", "{C99CFE7B-8982-4FEE-8254-9456ACAEA1A7}"
EndProject
Global
	GlobalSection(SolutionConfigurationPlatforms) = preSolution
		Debug|Any CPU = Debug|Any CPU
		Release|Any CPU = Release|Any CPU
	EndGlobalSection
	GlobalSection(ProjectConfigurationPlatforms) = postSolution
		{C99CFE7B-8982-4FEE-8254-9456ACAEA1A7}.Debug|Any CPU.ActiveCfg = Debug|Any CPU
		{C99CFE7B-8982-4FEE-8254-9456ACAEA1A7}.Debug|Any CPU.Build.0 = Debug|Any CPU
		{C99CFE7B-8982-4FEE-8254-9456ACAEA1A7}.Release|Any CPU.ActiveCfg = Release|Any CPU
		{C99CFE7B-8982-4FEE-8254-9456ACAEA1A7}.Release|Any CPU.Build.0 = Release|Any CPU
	EndGlobalSection
	GlobalSection(SolutionProperties) = preSolution
		HideSolutionNode = FALSE
	EndGlobalSection
	GlobalSection(ExtensibilityGlobals) = postSolution
		SolutionGuid = {98D92B25-32C9-4859-A722-ACDE9AB9B981}
	EndGlobalSection
EndGlobal
